
Microsoft Visual Studio Solution File, Format Version 12.00
# Visual Studio 2013
VisualStudioVersion = 12.0.30501.0
MinimumVisualStudioVersion = 10.0.40219.1
Project("{FAE04EC0-301F-11D3-BF4B-00C04F79EFBC}") = "Veil", "Veil\Veil.csproj", "{97D96B66-EDFE-474B-BC72-D8439830FC76}"
EndProject
Project("{FAE04EC0-301F-11D3-BF4B-00C04F79EFBC}") = "Veil.Tests", "Veil.Tests\Veil.Tests.csproj", "{B5584FBD-6E00-499A-A6E3-784DB92B3180}"
EndProject
Project("{FAE04EC0-301F-11D3-BF4B-00C04F79EFBC}") = "Veil.Benchmark", "Veil.Benchmark\Veil.Benchmark.csproj", "{DD60B91D-18AE-42D3-BF11-B9FAC4E16525}"
EndProject
Project("{FAE04EC0-301F-11D3-BF4B-00C04F79EFBC}") = "Veil.Handlebars", "Veil.Handlebars\Veil.Handlebars.csproj", "{3335691A-38B6-4DD1-96CB-A1C262CEF4CC}"
EndProject
Project("{FAE04EC0-301F-11D3-BF4B-00C04F79EFBC}") = "Veil.SuperSimple", "Veil.SuperSimple\Veil.SuperSimple.csproj", "{3478795D-95E0-45D8-BF31-B85F95B1E160}"
EndProject
Project("{FAE04EC0-301F-11D3-BF4B-00C04F79EFBC}") = "Nancy.ViewEngines.Veil", "Nancy.ViewEngines.Veil\Nancy.ViewEngines.Veil.csproj", "{D75AA844-9CC6-4A81-AF27-9DF312981F7E}"
EndProject
Global
	GlobalSection(SolutionConfigurationPlatforms) = preSolution
		Debug|Any CPU = Debug|Any CPU
		Release|Any CPU = Release|Any CPU
	EndGlobalSection
	GlobalSection(ProjectConfigurationPlatforms) = postSolution
		{97D96B66-EDFE-474B-BC72-D8439830FC76}.Debug|Any CPU.ActiveCfg = Debug|Any CPU
		{97D96B66-EDFE-474B-BC72-D8439830FC76}.Debug|Any CPU.Build.0 = Debug|Any CPU
		{97D96B66-EDFE-474B-BC72-D8439830FC76}.Release|Any CPU.ActiveCfg = Release|Any CPU
		{97D96B66-EDFE-474B-BC72-D8439830FC76}.Release|Any CPU.Build.0 = Release|Any CPU
		{B5584FBD-6E00-499A-A6E3-784DB92B3180}.Debug|Any CPU.ActiveCfg = Debug|Any CPU
		{B5584FBD-6E00-499A-A6E3-784DB92B3180}.Debug|Any CPU.Build.0 = Debug|Any CPU
		{B5584FBD-6E00-499A-A6E3-784DB92B3180}.Release|Any CPU.ActiveCfg = Release|Any CPU
		{B5584FBD-6E00-499A-A6E3-784DB92B3180}.Release|Any CPU.Build.0 = Release|Any CPU
		{DD60B91D-18AE-42D3-BF11-B9FAC4E16525}.Debug|Any CPU.ActiveCfg = Debug|Any CPU
		{DD60B91D-18AE-42D3-BF11-B9FAC4E16525}.Debug|Any CPU.Build.0 = Debug|Any CPU
		{DD60B91D-18AE-42D3-BF11-B9FAC4E16525}.Release|Any CPU.ActiveCfg = Release|Any CPU
		{DD60B91D-18AE-42D3-BF11-B9FAC4E16525}.Release|Any CPU.Build.0 = Release|Any CPU
		{3335691A-38B6-4DD1-96CB-A1C262CEF4CC}.Debug|Any CPU.ActiveCfg = Debug|Any CPU
		{3335691A-38B6-4DD1-96CB-A1C262CEF4CC}.Debug|Any CPU.Build.0 = Debug|Any CPU
		{3335691A-38B6-4DD1-96CB-A1C262CEF4CC}.Release|Any CPU.ActiveCfg = Release|Any CPU
		{3335691A-38B6-4DD1-96CB-A1C262CEF4CC}.Release|Any CPU.Build.0 = Release|Any CPU
		{3478795D-95E0-45D8-BF31-B85F95B1E160}.Debug|Any CPU.ActiveCfg = Debug|Any CPU
		{3478795D-95E0-45D8-BF31-B85F95B1E160}.Debug|Any CPU.Build.0 = Debug|Any CPU
		{3478795D-95E0-45D8-BF31-B85F95B1E160}.Release|Any CPU.ActiveCfg = Release|Any CPU
		{3478795D-95E0-45D8-BF31-B85F95B1E160}.Release|Any CPU.Build.0 = Release|Any CPU
		{D75AA844-9CC6-4A81-AF27-9DF312981F7E}.Debug|Any CPU.ActiveCfg = Debug|Any CPU
		{D75AA844-9CC6-4A81-AF27-9DF312981F7E}.Debug|Any CPU.Build.0 = Debug|Any CPU
		{D75AA844-9CC6-4A81-AF27-9DF312981F7E}.Release|Any CPU.ActiveCfg = Release|Any CPU
		{D75AA844-9CC6-4A81-AF27-9DF312981F7E}.Release|Any CPU.Build.0 = Release|Any CPU
	EndGlobalSection
	GlobalSection(SolutionProperties) = preSolution
		HideSolutionNode = FALSE
	EndGlobalSection
EndGlobal
