
Microsoft Visual Studio Solution File, Format Version 12.00
# Visual Studio 15
VisualStudioVersion = 15.0.26124.0
MinimumVisualStudioVersion = 15.0.26124.0
Project("{FAE04EC0-301F-11D3-BF4B-00C04F79EFBC}") = "Veil", "Veil\Veil.csproj", "{CF2F39A2-975E-4378-A4D3-0ED76FFA2FF4}"
EndProject
Project("{FAE04EC0-301F-11D3-BF4B-00C04F79EFBC}") = "Veil.Tests", "Veil.Tests\Veil.Tests.csproj", "{DCD18931-6D5E-4CD5-B347-4144E98A8198}"
EndProject
Project("{FAE04EC0-301F-11D3-BF4B-00C04F79EFBC}") = "Veil.SuperSimple", "Veil.SuperSimple\Veil.SuperSimple.csproj", "{3478795D-95E0-45D8-BF31-B85F95B1E160}"
EndProject
Project("{FAE04EC0-301F-11D3-BF4B-00C04F79EFBC}") = "DeepEqual", "DeepEqual\DeepEqual.csproj", "{5125DCF0-FAD0-412F-B06C-FF4CE289A844}"
EndProject
Project("{FAE04EC0-301F-11D3-BF4B-00C04F79EFBC}") = "Veil.Handlebars", "Veil.Handlebars\Veil.Handlebars.csproj", "{A94CA6B1-9854-4D02-8438-820B6346129C}"
EndProject
Project("{FAE04EC0-301F-11D3-BF4B-00C04F79EFBC}") = "Nancy.ViewEngines.Veil", "Nancy.ViewEngines.Veil\Nancy.ViewEngines.Veil.csproj", "{3A508486-68D5-462C-9FFA-85509A75ED92}"
EndProject
Global
	GlobalSection(SolutionConfigurationPlatforms) = preSolution
		Debug|Any CPU = Debug|Any CPU
		Debug|x64 = Debug|x64
		Debug|x86 = Debug|x86
		Release|Any CPU = Release|Any CPU
		Release|x64 = Release|x64
		Release|x86 = Release|x86
	EndGlobalSection
	GlobalSection(SolutionProperties) = preSolution
		HideSolutionNode = FALSE
	EndGlobalSection
	GlobalSection(ProjectConfigurationPlatforms) = postSolution
		{CF2F39A2-975E-4378-A4D3-0ED76FFA2FF4}.Debug|Any CPU.ActiveCfg = Debug|Any CPU
		{CF2F39A2-975E-4378-A4D3-0ED76FFA2FF4}.Debug|Any CPU.Build.0 = Debug|Any CPU
		{CF2F39A2-975E-4378-A4D3-0ED76FFA2FF4}.Debug|x64.ActiveCfg = Debug|x64
		{CF2F39A2-975E-4378-A4D3-0ED76FFA2FF4}.Debug|x64.Build.0 = Debug|x64
		{CF2F39A2-975E-4378-A4D3-0ED76FFA2FF4}.Debug|x86.ActiveCfg = Debug|x86
		{CF2F39A2-975E-4378-A4D3-0ED76FFA2FF4}.Debug|x86.Build.0 = Debug|x86
		{CF2F39A2-975E-4378-A4D3-0ED76FFA2FF4}.Release|Any CPU.ActiveCfg = Release|Any CPU
		{CF2F39A2-975E-4378-A4D3-0ED76FFA2FF4}.Release|Any CPU.Build.0 = Release|Any CPU
		{CF2F39A2-975E-4378-A4D3-0ED76FFA2FF4}.Release|x64.ActiveCfg = Release|x64
		{CF2F39A2-975E-4378-A4D3-0ED76FFA2FF4}.Release|x64.Build.0 = Release|x64
		{CF2F39A2-975E-4378-A4D3-0ED76FFA2FF4}.Release|x86.ActiveCfg = Release|x86
		{CF2F39A2-975E-4378-A4D3-0ED76FFA2FF4}.Release|x86.Build.0 = Release|x86
		{DCD18931-6D5E-4CD5-B347-4144E98A8198}.Debug|Any CPU.ActiveCfg = Debug|Any CPU
		{DCD18931-6D5E-4CD5-B347-4144E98A8198}.Debug|Any CPU.Build.0 = Debug|Any CPU
		{DCD18931-6D5E-4CD5-B347-4144E98A8198}.Debug|x64.ActiveCfg = Debug|x64
		{DCD18931-6D5E-4CD5-B347-4144E98A8198}.Debug|x64.Build.0 = Debug|x64
		{DCD18931-6D5E-4CD5-B347-4144E98A8198}.Debug|x86.ActiveCfg = Debug|x86
		{DCD18931-6D5E-4CD5-B347-4144E98A8198}.Debug|x86.Build.0 = Debug|x86
		{DCD18931-6D5E-4CD5-B347-4144E98A8198}.Release|Any CPU.ActiveCfg = Release|Any CPU
		{DCD18931-6D5E-4CD5-B347-4144E98A8198}.Release|Any CPU.Build.0 = Release|Any CPU
		{DCD18931-6D5E-4CD5-B347-4144E98A8198}.Release|x64.ActiveCfg = Release|x64
		{DCD18931-6D5E-4CD5-B347-4144E98A8198}.Release|x64.Build.0 = Release|x64
		{DCD18931-6D5E-4CD5-B347-4144E98A8198}.Release|x86.ActiveCfg = Release|x86
		{DCD18931-6D5E-4CD5-B347-4144E98A8198}.Release|x86.Build.0 = Release|x86
		{3478795D-95E0-45D8-BF31-B85F95B1E160}.Debug|Any CPU.ActiveCfg = Debug|Any CPU
		{3478795D-95E0-45D8-BF31-B85F95B1E160}.Debug|Any CPU.Build.0 = Debug|Any CPU
		{3478795D-95E0-45D8-BF31-B85F95B1E160}.Debug|x64.ActiveCfg = Debug|x64
		{3478795D-95E0-45D8-BF31-B85F95B1E160}.Debug|x64.Build.0 = Debug|x64
		{3478795D-95E0-45D8-BF31-B85F95B1E160}.Debug|x86.ActiveCfg = Debug|x86
		{3478795D-95E0-45D8-BF31-B85F95B1E160}.Debug|x86.Build.0 = Debug|x86
		{3478795D-95E0-45D8-BF31-B85F95B1E160}.Release|Any CPU.ActiveCfg = Release|Any CPU
		{3478795D-95E0-45D8-BF31-B85F95B1E160}.Release|Any CPU.Build.0 = Release|Any CPU
		{3478795D-95E0-45D8-BF31-B85F95B1E160}.Release|x64.ActiveCfg = Release|x64
		{3478795D-95E0-45D8-BF31-B85F95B1E160}.Release|x64.Build.0 = Release|x64
		{3478795D-95E0-45D8-BF31-B85F95B1E160}.Release|x86.ActiveCfg = Release|x86
		{3478795D-95E0-45D8-BF31-B85F95B1E160}.Release|x86.Build.0 = Release|x86
		{5125DCF0-FAD0-412F-B06C-FF4CE289A844}.Debug|Any CPU.ActiveCfg = Debug|Any CPU
		{5125DCF0-FAD0-412F-B06C-FF4CE289A844}.Debug|Any CPU.Build.0 = Debug|Any CPU
		{5125DCF0-FAD0-412F-B06C-FF4CE289A844}.Debug|x64.ActiveCfg = Debug|x64
		{5125DCF0-FAD0-412F-B06C-FF4CE289A844}.Debug|x64.Build.0 = Debug|x64
		{5125DCF0-FAD0-412F-B06C-FF4CE289A844}.Debug|x86.ActiveCfg = Debug|x86
		{5125DCF0-FAD0-412F-B06C-FF4CE289A844}.Debug|x86.Build.0 = Debug|x86
		{5125DCF0-FAD0-412F-B06C-FF4CE289A844}.Release|Any CPU.ActiveCfg = Release|Any CPU
		{5125DCF0-FAD0-412F-B06C-FF4CE289A844}.Release|Any CPU.Build.0 = Release|Any CPU
		{5125DCF0-FAD0-412F-B06C-FF4CE289A844}.Release|x64.ActiveCfg = Release|x64
		{5125DCF0-FAD0-412F-B06C-FF4CE289A844}.Release|x64.Build.0 = Release|x64
		{5125DCF0-FAD0-412F-B06C-FF4CE289A844}.Release|x86.ActiveCfg = Release|x86
		{5125DCF0-FAD0-412F-B06C-FF4CE289A844}.Release|x86.Build.0 = Release|x86
		{A94CA6B1-9854-4D02-8438-820B6346129C}.Debug|Any CPU.ActiveCfg = Debug|Any CPU
		{A94CA6B1-9854-4D02-8438-820B6346129C}.Debug|Any CPU.Build.0 = Debug|Any CPU
		{A94CA6B1-9854-4D02-8438-820B6346129C}.Debug|x64.ActiveCfg = Debug|x64
		{A94CA6B1-9854-4D02-8438-820B6346129C}.Debug|x64.Build.0 = Debug|x64
		{A94CA6B1-9854-4D02-8438-820B6346129C}.Debug|x86.ActiveCfg = Debug|x86
		{A94CA6B1-9854-4D02-8438-820B6346129C}.Debug|x86.Build.0 = Debug|x86
		{A94CA6B1-9854-4D02-8438-820B6346129C}.Release|Any CPU.ActiveCfg = Release|Any CPU
		{A94CA6B1-9854-4D02-8438-820B6346129C}.Release|Any CPU.Build.0 = Release|Any CPU
		{A94CA6B1-9854-4D02-8438-820B6346129C}.Release|x64.ActiveCfg = Release|x64
		{A94CA6B1-9854-4D02-8438-820B6346129C}.Release|x64.Build.0 = Release|x64
		{A94CA6B1-9854-4D02-8438-820B6346129C}.Release|x86.ActiveCfg = Release|x86
		{A94CA6B1-9854-4D02-8438-820B6346129C}.Release|x86.Build.0 = Release|x86
		{3A508486-68D5-462C-9FFA-85509A75ED92}.Debug|Any CPU.ActiveCfg = Debug|Any CPU
		{3A508486-68D5-462C-9FFA-85509A75ED92}.Debug|Any CPU.Build.0 = Debug|Any CPU
		{3A508486-68D5-462C-9FFA-85509A75ED92}.Debug|x64.ActiveCfg = Debug|x64
		{3A508486-68D5-462C-9FFA-85509A75ED92}.Debug|x64.Build.0 = Debug|x64
		{3A508486-68D5-462C-9FFA-85509A75ED92}.Debug|x86.ActiveCfg = Debug|x86
		{3A508486-68D5-462C-9FFA-85509A75ED92}.Debug|x86.Build.0 = Debug|x86
		{3A508486-68D5-462C-9FFA-85509A75ED92}.Release|Any CPU.ActiveCfg = Release|Any CPU
		{3A508486-68D5-462C-9FFA-85509A75ED92}.Release|Any CPU.Build.0 = Release|Any CPU
		{3A508486-68D5-462C-9FFA-85509A75ED92}.Release|x64.ActiveCfg = Release|x64
		{3A508486-68D5-462C-9FFA-85509A75ED92}.Release|x64.Build.0 = Release|x64
		{3A508486-68D5-462C-9FFA-85509A75ED92}.Release|x86.ActiveCfg = Release|x86
		{3A508486-68D5-462C-9FFA-85509A75ED92}.Release|x86.Build.0 = Release|x86
	EndGlobalSection
EndGlobal
